// !$*UTF8*$!
{
	archiveVersion = 1;
	classes = {
	};
	objectVersion = 50;
	objects = {

/* Begin PBXBuildFile section */
		400BF72624E466DA002E448E /* ILoginManager.swift in Sources */ = {isa = PBXBuildFile; fileRef = 400BF72524E466DA002E448E /* ILoginManager.swift */; };
		400BF72A24E46859002E448E /* ObserverPriority.swift in Sources */ = {isa = PBXBuildFile; fileRef = 400BF72924E46859002E448E /* ObserverPriority.swift */; };
		400BF72D24E4690B002E448E /* ApiLoginManager.swift in Sources */ = {isa = PBXBuildFile; fileRef = 400BF72C24E4690B002E448E /* ApiLoginManager.swift */; };
		400BF73024E46C46002E448E /* AppWireframe.swift in Sources */ = {isa = PBXBuildFile; fileRef = 400BF72F24E46C46002E448E /* AppWireframe.swift */; };
		400BF73324E46CA9002E448E /* IAppContext.swift in Sources */ = {isa = PBXBuildFile; fileRef = 400BF73224E46CA9002E448E /* IAppContext.swift */; };
		400BF73524E46CE0002E448E /* AppContext.swift in Sources */ = {isa = PBXBuildFile; fileRef = 400BF73424E46CE0002E448E /* AppContext.swift */; };
		400BF73E24E46F17002E448E /* LoginScreen.swift in Sources */ = {isa = PBXBuildFile; fileRef = 400BF73D24E46F17002E448E /* LoginScreen.swift */; };
		400BF74024E46FCF002E448E /* LoginScreenViewController.swift in Sources */ = {isa = PBXBuildFile; fileRef = 400BF73F24E46FCF002E448E /* LoginScreenViewController.swift */; };
		400BF74224E47046002E448E /* LoginScreenViewController.xib in Resources */ = {isa = PBXBuildFile; fileRef = 400BF74124E47046002E448E /* LoginScreenViewController.xib */; };
		400BF74524E472C9002E448E /* LoginScreenContext.swift in Sources */ = {isa = PBXBuildFile; fileRef = 400BF74324E472C9002E448E /* LoginScreenContext.swift */; };
		400BF74624E472C9002E448E /* LoginScreenRouter.swift in Sources */ = {isa = PBXBuildFile; fileRef = 400BF74424E472C9002E448E /* LoginScreenRouter.swift */; };
		400BF74724E4737E002E448E /* LoginWireframe.swift in Sources */ = {isa = PBXBuildFile; fileRef = 400BF73624E46E82002E448E /* LoginWireframe.swift */; };
		406CA59E2483E98900294AAE /* ViewController+Constraint.swift in Sources */ = {isa = PBXBuildFile; fileRef = 406CA59D2483E98900294AAE /* ViewController+Constraint.swift */; };
		406CA5A12483EAE700294AAE /* ViewController+Keyboard.swift in Sources */ = {isa = PBXBuildFile; fileRef = 406CA5A02483EAE700294AAE /* ViewController+Keyboard.swift */; };
		406F74E624E56FB8006494FC /* IUserContext.swift in Sources */ = {isa = PBXBuildFile; fileRef = 406F74E424E56FB7006494FC /* IUserContext.swift */; };
		406F74E824E56FD4006494FC /* UserContext.swift in Sources */ = {isa = PBXBuildFile; fileRef = 406F74E724E56FD4006494FC /* UserContext.swift */; };
		406F74EA24E5702C006494FC /* FeedWireframe.swift in Sources */ = {isa = PBXBuildFile; fileRef = 406F74E924E5702C006494FC /* FeedWireframe.swift */; };
		406F74F224E583E7006494FC /* FeedScreen.swift in Sources */ = {isa = PBXBuildFile; fileRef = 406F74EE24E583E7006494FC /* FeedScreen.swift */; };
		406F74F324E583E7006494FC /* FeedScreenContext.swift in Sources */ = {isa = PBXBuildFile; fileRef = 406F74EF24E583E7006494FC /* FeedScreenContext.swift */; };
		406F74F424E583E7006494FC /* FeedScreenRouter.swift in Sources */ = {isa = PBXBuildFile; fileRef = 406F74F024E583E7006494FC /* FeedScreenRouter.swift */; };
		406F74F524E583E7006494FC /* FeedScreenViewController.swift in Sources */ = {isa = PBXBuildFile; fileRef = 406F74F124E583E7006494FC /* FeedScreenViewController.swift */; };
		406F74F824E5841A006494FC /* IFeedManager.swift in Sources */ = {isa = PBXBuildFile; fileRef = 406F74F724E5841A006494FC /* IFeedManager.swift */; };
		406F74FA24E5844C006494FC /* IFeed.swift in Sources */ = {isa = PBXBuildFile; fileRef = 406F74F924E5844C006494FC /* IFeed.swift */; };
		406F74FC24E58596006494FC /* ApiFeedManager.swift in Sources */ = {isa = PBXBuildFile; fileRef = 406F74FB24E58596006494FC /* ApiFeedManager.swift */; };
		406F74FE24E58663006494FC /* FeedScreenTableController.swift in Sources */ = {isa = PBXBuildFile; fileRef = 406F74FD24E58663006494FC /* FeedScreenTableController.swift */; };
		406F750224E586C0006494FC /* FeedScreenLoadingCell.swift in Sources */ = {isa = PBXBuildFile; fileRef = 406F750124E586C0006494FC /* FeedScreenLoadingCell.swift */; };
		406F750424E5872B006494FC /* FeedScreenLoadingCell.xib in Resources */ = {isa = PBXBuildFile; fileRef = 406F750324E5872B006494FC /* FeedScreenLoadingCell.xib */; };
		4070CEE624E45CBB002B3F01 /* Quickly.framework in Frameworks */ = {isa = PBXBuildFile; fileRef = 4070CEE424E45CAF002B3F01 /* Quickly.framework */; };
		4070CEEE24E45D57002B3F01 /* IUser.swift in Sources */ = {isa = PBXBuildFile; fileRef = 4070CEED24E45D57002B3F01 /* IUser.swift */; };
		4070CEF024E45E31002B3F01 /* ApiUser.swift in Sources */ = {isa = PBXBuildFile; fileRef = 4070CEEF24E45E31002B3F01 /* ApiUser.swift */; };
		4070CEF224E45F3D002B3F01 /* ApiLoginQuery.swift in Sources */ = {isa = PBXBuildFile; fileRef = 4070CEF124E45F3D002B3F01 /* ApiLoginQuery.swift */; };
		4070CEF424E460A2002B3F01 /* ApiQuery.swift in Sources */ = {isa = PBXBuildFile; fileRef = 4070CEF324E460A2002B3F01 /* ApiQuery.swift */; };
		4070CEF724E461C7002B3F01 /* ApiError.swift in Sources */ = {isa = PBXBuildFile; fileRef = 4070CEF624E461C7002B3F01 /* ApiError.swift */; };
		4070CEFA24E46328002B3F01 /* IApiProvider.swift in Sources */ = {isa = PBXBuildFile; fileRef = 4070CEF924E46328002B3F01 /* IApiProvider.swift */; };
		4070CEFD24E463C4002B3F01 /* ApiProvider.swift in Sources */ = {isa = PBXBuildFile; fileRef = 4070CEFC24E463C4002B3F01 /* ApiProvider.swift */; };
		744DCE172482992C00B51C63 /* AppDelegate.swift in Sources */ = {isa = PBXBuildFile; fileRef = 744DCE162482992C00B51C63 /* AppDelegate.swift */; };
		744DCE1B2482992C00B51C63 /* ViewController.swift in Sources */ = {isa = PBXBuildFile; fileRef = 744DCE1A2482992C00B51C63 /* ViewController.swift */; };
		744DCE202482992E00B51C63 /* Assets.xcassets in Resources */ = {isa = PBXBuildFile; fileRef = 744DCE1F2482992E00B51C63 /* Assets.xcassets */; };
		744DCE232482992E00B51C63 /* LaunchScreen.storyboard in Resources */ = {isa = PBXBuildFile; fileRef = 744DCE212482992E00B51C63 /* LaunchScreen.storyboard */; };
		7460D19724E58BC8006C2B21 /* ApiFeed.swift in Sources */ = {isa = PBXBuildFile; fileRef = 7460D19624E58BC8006C2B21 /* ApiFeed.swift */; };
		7460D19924E58D34006C2B21 /* ApiFeedQuery.swift in Sources */ = {isa = PBXBuildFile; fileRef = 7460D19824E58D34006C2B21 /* ApiFeedQuery.swift */; };
		7460D19B24E59E35006C2B21 /* FeedScreenContentCell.xib in Resources */ = {isa = PBXBuildFile; fileRef = 7460D19A24E59E35006C2B21 /* FeedScreenContentCell.xib */; };
		7460D19E24E59E85006C2B21 /* FeedScreenContentCell.swift in Sources */ = {isa = PBXBuildFile; fileRef = 7460D19D24E59E85006C2B21 /* FeedScreenContentCell.swift */; };
/* End PBXBuildFile section */

/* Begin PBXContainerItemProxy section */
		4070CEE324E45CAF002B3F01 /* PBXContainerItemProxy */ = {
			isa = PBXContainerItemProxy;
			containerPortal = 4070CEDF24E45CAF002B3F01 /* Quickly.xcodeproj */;
			proxyType = 2;
			remoteGlobalIDString = 401829591F4C1C0A005C9949;
			remoteInfo = Quickly;
		};
/* End PBXContainerItemProxy section */

/* Begin PBXFileReference section */
		400BF72524E466DA002E448E /* ILoginManager.swift */ = {isa = PBXFileReference; lastKnownFileType = sourcecode.swift; path = ILoginManager.swift; sourceTree = "<group>"; };
		400BF72924E46859002E448E /* ObserverPriority.swift */ = {isa = PBXFileReference; lastKnownFileType = sourcecode.swift; path = ObserverPriority.swift; sourceTree = "<group>"; };
		400BF72C24E4690B002E448E /* ApiLoginManager.swift */ = {isa = PBXFileReference; lastKnownFileType = sourcecode.swift; path = ApiLoginManager.swift; sourceTree = "<group>"; };
		400BF72F24E46C46002E448E /* AppWireframe.swift */ = {isa = PBXFileReference; lastKnownFileType = sourcecode.swift; path = AppWireframe.swift; sourceTree = "<group>"; };
		400BF73224E46CA9002E448E /* IAppContext.swift */ = {isa = PBXFileReference; lastKnownFileType = sourcecode.swift; path = IAppContext.swift; sourceTree = "<group>"; };
		400BF73424E46CE0002E448E /* AppContext.swift */ = {isa = PBXFileReference; lastKnownFileType = sourcecode.swift; path = AppContext.swift; sourceTree = "<group>"; };
		400BF73624E46E82002E448E /* LoginWireframe.swift */ = {isa = PBXFileReference; lastKnownFileType = sourcecode.swift; path = LoginWireframe.swift; sourceTree = "<group>"; };
		400BF73D24E46F17002E448E /* LoginScreen.swift */ = {isa = PBXFileReference; lastKnownFileType = sourcecode.swift; path = LoginScreen.swift; sourceTree = "<group>"; };
		400BF73F24E46FCF002E448E /* LoginScreenViewController.swift */ = {isa = PBXFileReference; lastKnownFileType = sourcecode.swift; path = LoginScreenViewController.swift; sourceTree = "<group>"; };
		400BF74124E47046002E448E /* LoginScreenViewController.xib */ = {isa = PBXFileReference; lastKnownFileType = file.xib; path = LoginScreenViewController.xib; sourceTree = "<group>"; };
		400BF74324E472C9002E448E /* LoginScreenContext.swift */ = {isa = PBXFileReference; fileEncoding = 4; lastKnownFileType = sourcecode.swift; path = LoginScreenContext.swift; sourceTree = "<group>"; };
		400BF74424E472C9002E448E /* LoginScreenRouter.swift */ = {isa = PBXFileReference; fileEncoding = 4; lastKnownFileType = sourcecode.swift; path = LoginScreenRouter.swift; sourceTree = "<group>"; };
		406CA59D2483E98900294AAE /* ViewController+Constraint.swift */ = {isa = PBXFileReference; lastKnownFileType = sourcecode.swift; path = "ViewController+Constraint.swift"; sourceTree = "<group>"; };
		406CA5A02483EAE700294AAE /* ViewController+Keyboard.swift */ = {isa = PBXFileReference; fileEncoding = 4; lastKnownFileType = sourcecode.swift; path = "ViewController+Keyboard.swift"; sourceTree = "<group>"; };
		406F74E424E56FB7006494FC /* IUserContext.swift */ = {isa = PBXFileReference; fileEncoding = 4; lastKnownFileType = sourcecode.swift; path = IUserContext.swift; sourceTree = "<group>"; };
		406F74E724E56FD4006494FC /* UserContext.swift */ = {isa = PBXFileReference; fileEncoding = 4; lastKnownFileType = sourcecode.swift; path = UserContext.swift; sourceTree = "<group>"; };
		406F74E924E5702C006494FC /* FeedWireframe.swift */ = {isa = PBXFileReference; fileEncoding = 4; lastKnownFileType = sourcecode.swift; path = FeedWireframe.swift; sourceTree = "<group>"; };
		406F74EE24E583E7006494FC /* FeedScreen.swift */ = {isa = PBXFileReference; fileEncoding = 4; lastKnownFileType = sourcecode.swift; path = FeedScreen.swift; sourceTree = "<group>"; };
		406F74EF24E583E7006494FC /* FeedScreenContext.swift */ = {isa = PBXFileReference; fileEncoding = 4; lastKnownFileType = sourcecode.swift; path = FeedScreenContext.swift; sourceTree = "<group>"; };
		406F74F024E583E7006494FC /* FeedScreenRouter.swift */ = {isa = PBXFileReference; fileEncoding = 4; lastKnownFileType = sourcecode.swift; path = FeedScreenRouter.swift; sourceTree = "<group>"; };
		406F74F124E583E7006494FC /* FeedScreenViewController.swift */ = {isa = PBXFileReference; fileEncoding = 4; lastKnownFileType = sourcecode.swift; path = FeedScreenViewController.swift; sourceTree = "<group>"; };
		406F74F724E5841A006494FC /* IFeedManager.swift */ = {isa = PBXFileReference; lastKnownFileType = sourcecode.swift; path = IFeedManager.swift; sourceTree = "<group>"; };
		406F74F924E5844C006494FC /* IFeed.swift */ = {isa = PBXFileReference; lastKnownFileType = sourcecode.swift; path = IFeed.swift; sourceTree = "<group>"; };
		406F74FB24E58596006494FC /* ApiFeedManager.swift */ = {isa = PBXFileReference; fileEncoding = 4; lastKnownFileType = sourcecode.swift; path = ApiFeedManager.swift; sourceTree = "<group>"; };
		406F74FD24E58663006494FC /* FeedScreenTableController.swift */ = {isa = PBXFileReference; fileEncoding = 4; lastKnownFileType = sourcecode.swift; path = FeedScreenTableController.swift; sourceTree = "<group>"; };
		406F750124E586C0006494FC /* FeedScreenLoadingCell.swift */ = {isa = PBXFileReference; lastKnownFileType = sourcecode.swift; path = FeedScreenLoadingCell.swift; sourceTree = "<group>"; };
		406F750324E5872B006494FC /* FeedScreenLoadingCell.xib */ = {isa = PBXFileReference; lastKnownFileType = file.xib; path = FeedScreenLoadingCell.xib; sourceTree = "<group>"; };
		4070CEDF24E45CAF002B3F01 /* Quickly.xcodeproj */ = {isa = PBXFileReference; lastKnownFileType = "wrapper.pb-project"; name = Quickly.xcodeproj; path = Quickly/Quickly.xcodeproj; sourceTree = "<group>"; };
		4070CEED24E45D57002B3F01 /* IUser.swift */ = {isa = PBXFileReference; lastKnownFileType = sourcecode.swift; path = IUser.swift; sourceTree = "<group>"; };
		4070CEEF24E45E31002B3F01 /* ApiUser.swift */ = {isa = PBXFileReference; lastKnownFileType = sourcecode.swift; path = ApiUser.swift; sourceTree = "<group>"; };
		4070CEF124E45F3D002B3F01 /* ApiLoginQuery.swift */ = {isa = PBXFileReference; lastKnownFileType = sourcecode.swift; path = ApiLoginQuery.swift; sourceTree = "<group>"; };
		4070CEF324E460A2002B3F01 /* ApiQuery.swift */ = {isa = PBXFileReference; fileEncoding = 4; lastKnownFileType = sourcecode.swift; path = ApiQuery.swift; sourceTree = "<group>"; };
		4070CEF624E461C7002B3F01 /* ApiError.swift */ = {isa = PBXFileReference; fileEncoding = 4; lastKnownFileType = sourcecode.swift; path = ApiError.swift; sourceTree = "<group>"; };
		4070CEF924E46328002B3F01 /* IApiProvider.swift */ = {isa = PBXFileReference; lastKnownFileType = sourcecode.swift; path = IApiProvider.swift; sourceTree = "<group>"; };
		4070CEFC24E463C4002B3F01 /* ApiProvider.swift */ = {isa = PBXFileReference; lastKnownFileType = sourcecode.swift; path = ApiProvider.swift; sourceTree = "<group>"; };
		744DCE132482992C00B51C63 /* SPIR.app */ = {isa = PBXFileReference; explicitFileType = wrapper.application; includeInIndex = 0; path = SPIR.app; sourceTree = BUILT_PRODUCTS_DIR; };
		744DCE162482992C00B51C63 /* AppDelegate.swift */ = {isa = PBXFileReference; lastKnownFileType = sourcecode.swift; path = AppDelegate.swift; sourceTree = "<group>"; };
		744DCE1A2482992C00B51C63 /* ViewController.swift */ = {isa = PBXFileReference; lastKnownFileType = sourcecode.swift; path = ViewController.swift; sourceTree = "<group>"; };
		744DCE1F2482992E00B51C63 /* Assets.xcassets */ = {isa = PBXFileReference; lastKnownFileType = folder.assetcatalog; path = Assets.xcassets; sourceTree = "<group>"; };
		744DCE222482992E00B51C63 /* Base */ = {isa = PBXFileReference; lastKnownFileType = file.storyboard; name = Base; path = Base.lproj/LaunchScreen.storyboard; sourceTree = "<group>"; };
		744DCE242482992E00B51C63 /* Info.plist */ = {isa = PBXFileReference; lastKnownFileType = text.plist.xml; path = Info.plist; sourceTree = "<group>"; };
		7460D19624E58BC8006C2B21 /* ApiFeed.swift */ = {isa = PBXFileReference; lastKnownFileType = sourcecode.swift; path = ApiFeed.swift; sourceTree = "<group>"; };
		7460D19824E58D34006C2B21 /* ApiFeedQuery.swift */ = {isa = PBXFileReference; lastKnownFileType = sourcecode.swift; path = ApiFeedQuery.swift; sourceTree = "<group>"; };
		7460D19A24E59E35006C2B21 /* FeedScreenContentCell.xib */ = {isa = PBXFileReference; lastKnownFileType = file.xib; path = FeedScreenContentCell.xib; sourceTree = "<group>"; };
		7460D19D24E59E85006C2B21 /* FeedScreenContentCell.swift */ = {isa = PBXFileReference; lastKnownFileType = sourcecode.swift; path = FeedScreenContentCell.swift; sourceTree = "<group>"; };
/* End PBXFileReference section */

/* Begin PBXFrameworksBuildPhase section */
		744DCE102482992C00B51C63 /* Frameworks */ = {
			isa = PBXFrameworksBuildPhase;
			buildActionMask = 2147483647;
			files = (
				4070CEE624E45CBB002B3F01 /* Quickly.framework in Frameworks */,
			);
			runOnlyForDeploymentPostprocessing = 0;
		};
/* End PBXFrameworksBuildPhase section */

/* Begin PBXGroup section */
		400BF72B24E468FB002E448E /* Login */ = {
			isa = PBXGroup;
			children = (
				400BF72524E466DA002E448E /* ILoginManager.swift */,
				400BF72C24E4690B002E448E /* ApiLoginManager.swift */,
			);
			path = Login;
			sourceTree = "<group>";
		};
		400BF72E24E46C2D002E448E /* Wirefame */ = {
			isa = PBXGroup;
			children = (
				400BF72F24E46C46002E448E /* AppWireframe.swift */,
				400BF73624E46E82002E448E /* LoginWireframe.swift */,
				406F74E924E5702C006494FC /* FeedWireframe.swift */,
			);
			path = Wirefame;
			sourceTree = "<group>";
		};
		400BF73124E46C6F002E448E /* Context */ = {
			isa = PBXGroup;
			children = (
				400BF73224E46CA9002E448E /* IAppContext.swift */,
				400BF73424E46CE0002E448E /* AppContext.swift */,
				406F74E424E56FB7006494FC /* IUserContext.swift */,
				406F74E724E56FD4006494FC /* UserContext.swift */,
			);
			path = Context;
			sourceTree = "<group>";
		};
		400BF73A24E46EF2002E448E /* Screen */ = {
			isa = PBXGroup;
			children = (
				400BF73B24E46EF9002E448E /* Login */,
				406F74EC24E583C3006494FC /* Feed */,
			);
			path = Screen;
			sourceTree = "<group>";
		};
		400BF73B24E46EF9002E448E /* Login */ = {
			isa = PBXGroup;
			children = (
				400BF73D24E46F17002E448E /* LoginScreen.swift */,
				400BF74324E472C9002E448E /* LoginScreenContext.swift */,
				400BF74424E472C9002E448E /* LoginScreenRouter.swift */,
				400BF73F24E46FCF002E448E /* LoginScreenViewController.swift */,
				400BF74124E47046002E448E /* LoginScreenViewController.xib */,
			);
			path = Login;
			sourceTree = "<group>";
		};
		406F74EC24E583C3006494FC /* Feed */ = {
			isa = PBXGroup;
			children = (
				406F74FF24E58690006494FC /* Cell */,
				406F74EE24E583E7006494FC /* FeedScreen.swift */,
				406F74EF24E583E7006494FC /* FeedScreenContext.swift */,
				406F74F024E583E7006494FC /* FeedScreenRouter.swift */,
				406F74F124E583E7006494FC /* FeedScreenViewController.swift */,
				406F74FD24E58663006494FC /* FeedScreenTableController.swift */,
			);
			path = Feed;
			sourceTree = "<group>";
		};
		406F74F624E58408006494FC /* Feed */ = {
			isa = PBXGroup;
			children = (
				406F74F724E5841A006494FC /* IFeedManager.swift */,
				406F74FB24E58596006494FC /* ApiFeedManager.swift */,
			);
			path = Feed;
			sourceTree = "<group>";
		};
		406F74FF24E58690006494FC /* Cell */ = {
			isa = PBXGroup;
			children = (
				7460D19C24E59E3D006C2B21 /* Content */,
				406F750024E586A1006494FC /* Loading */,
			);
			path = Cell;
			sourceTree = "<group>";
		};
		406F750024E586A1006494FC /* Loading */ = {
			isa = PBXGroup;
			children = (
				406F750124E586C0006494FC /* FeedScreenLoadingCell.swift */,
				406F750324E5872B006494FC /* FeedScreenLoadingCell.xib */,
			);
			path = Loading;
			sourceTree = "<group>";
		};
		4070CEE024E45CAF002B3F01 /* Products */ = {
			isa = PBXGroup;
			children = (
				4070CEE424E45CAF002B3F01 /* Quickly.framework */,
			);
			name = Products;
			sourceTree = "<group>";
		};
		4070CEE524E45CBB002B3F01 /* Frameworks */ = {
			isa = PBXGroup;
			children = (
			);
			name = Frameworks;
			sourceTree = "<group>";
		};
		4070CEE724E45CE0002B3F01 /* Api */ = {
			isa = PBXGroup;
			children = (
				4070CEEB24E45D23002B3F01 /* Model */,
				4070CEEA24E45D1B002B3F01 /* Query */,
				4070CEEC24E45D28002B3F01 /* Provider */,
				4070CEF624E461C7002B3F01 /* ApiError.swift */,
			);
			path = Api;
			sourceTree = "<group>";
		};
		4070CEE824E45CEA002B3F01 /* Model */ = {
			isa = PBXGroup;
			children = (
				4070CEED24E45D57002B3F01 /* IUser.swift */,
				406F74F924E5844C006494FC /* IFeed.swift */,
			);
			path = Model;
			sourceTree = "<group>";
		};
		4070CEE924E45CF2002B3F01 /* Manager */ = {
			isa = PBXGroup;
			children = (
				400BF72B24E468FB002E448E /* Login */,
				406F74F624E58408006494FC /* Feed */,
				400BF72924E46859002E448E /* ObserverPriority.swift */,
			);
			path = Manager;
			sourceTree = "<group>";
		};
		4070CEEA24E45D1B002B3F01 /* Query */ = {
			isa = PBXGroup;
			children = (
				4070CEF324E460A2002B3F01 /* ApiQuery.swift */,
				4070CEF124E45F3D002B3F01 /* ApiLoginQuery.swift */,
				7460D19824E58D34006C2B21 /* ApiFeedQuery.swift */,
			);
			path = Query;
			sourceTree = "<group>";
		};
		4070CEEB24E45D23002B3F01 /* Model */ = {
			isa = PBXGroup;
			children = (
				4070CEEF24E45E31002B3F01 /* ApiUser.swift */,
				7460D19624E58BC8006C2B21 /* ApiFeed.swift */,
			);
			path = Model;
			sourceTree = "<group>";
		};
		4070CEEC24E45D28002B3F01 /* Provider */ = {
			isa = PBXGroup;
			children = (
				4070CEF924E46328002B3F01 /* IApiProvider.swift */,
				4070CEFC24E463C4002B3F01 /* ApiProvider.swift */,
			);
			path = Provider;
			sourceTree = "<group>";
		};
		744DCE0A2482992C00B51C63 = {
			isa = PBXGroup;
			children = (
				4070CEDF24E45CAF002B3F01 /* Quickly.xcodeproj */,
				744DCE152482992C00B51C63 /* SPIR */,
				744DCE142482992C00B51C63 /* Products */,
				4070CEE524E45CBB002B3F01 /* Frameworks */,
			);
			sourceTree = "<group>";
		};
		744DCE142482992C00B51C63 /* Products */ = {
			isa = PBXGroup;
			children = (
				744DCE132482992C00B51C63 /* SPIR.app */,
			);
			name = Products;
			sourceTree = "<group>";
		};
		744DCE152482992C00B51C63 /* SPIR */ = {
			isa = PBXGroup;
			children = (
				4070CEE824E45CEA002B3F01 /* Model */,
				4070CEE724E45CE0002B3F01 /* Api */,
				4070CEE924E45CF2002B3F01 /* Manager */,
				400BF73124E46C6F002E448E /* Context */,
				400BF72E24E46C2D002E448E /* Wirefame */,
				400BF73A24E46EF2002E448E /* Screen */,
				744DCE162482992C00B51C63 /* AppDelegate.swift */,
				744DCE1A2482992C00B51C63 /* ViewController.swift */,
				406CA5A02483EAE700294AAE /* ViewController+Keyboard.swift */,
				406CA59D2483E98900294AAE /* ViewController+Constraint.swift */,
				744DCE1F2482992E00B51C63 /* Assets.xcassets */,
				744DCE212482992E00B51C63 /* LaunchScreen.storyboard */,
				744DCE242482992E00B51C63 /* Info.plist */,
			);
			path = SPIR;
			sourceTree = "<group>";
		};
		7460D19C24E59E3D006C2B21 /* Content */ = {
			isa = PBXGroup;
			children = (
				7460D19D24E59E85006C2B21 /* FeedScreenContentCell.swift */,
				7460D19A24E59E35006C2B21 /* FeedScreenContentCell.xib */,
			);
			path = Content;
			sourceTree = "<group>";
		};
/* End PBXGroup section */

/* Begin PBXNativeTarget section */
		744DCE122482992C00B51C63 /* SPIR */ = {
			isa = PBXNativeTarget;
			buildConfigurationList = 744DCE272482992E00B51C63 /* Build configuration list for PBXNativeTarget "SPIR" */;
			buildPhases = (
				744DCE0F2482992C00B51C63 /* Sources */,
				744DCE102482992C00B51C63 /* Frameworks */,
				744DCE112482992C00B51C63 /* Resources */,
			);
			buildRules = (
			);
			dependencies = (
			);
			name = SPIR;
			productName = SPIR;
			productReference = 744DCE132482992C00B51C63 /* SPIR.app */;
			productType = "com.apple.product-type.application";
		};
/* End PBXNativeTarget section */

/* Begin PBXProject section */
		744DCE0B2482992C00B51C63 /* Project object */ = {
			isa = PBXProject;
			attributes = {
				LastSwiftUpdateCheck = 1130;
				LastUpgradeCheck = 1130;
				ORGANIZATIONNAME = TASS;
				TargetAttributes = {
					744DCE122482992C00B51C63 = {
						CreatedOnToolsVersion = 11.3;
					};
				};
			};
			buildConfigurationList = 744DCE0E2482992C00B51C63 /* Build configuration list for PBXProject "SPIR" */;
			compatibilityVersion = "Xcode 9.3";
			developmentRegion = en;
			hasScannedForEncodings = 0;
			knownRegions = (
				en,
				Base,
			);
			mainGroup = 744DCE0A2482992C00B51C63;
			productRefGroup = 744DCE142482992C00B51C63 /* Products */;
			projectDirPath = "";
			projectReferences = (
				{
					ProductGroup = 4070CEE024E45CAF002B3F01 /* Products */;
					ProjectRef = 4070CEDF24E45CAF002B3F01 /* Quickly.xcodeproj */;
				},
			);
			projectRoot = "";
			targets = (
				744DCE122482992C00B51C63 /* SPIR */,
			);
		};
/* End PBXProject section */

/* Begin PBXReferenceProxy section */
		4070CEE424E45CAF002B3F01 /* Quickly.framework */ = {
			isa = PBXReferenceProxy;
			fileType = wrapper.framework;
			path = Quickly.framework;
			remoteRef = 4070CEE324E45CAF002B3F01 /* PBXContainerItemProxy */;
			sourceTree = BUILT_PRODUCTS_DIR;
		};
/* End PBXReferenceProxy section */

/* Begin PBXResourcesBuildPhase section */
		744DCE112482992C00B51C63 /* Resources */ = {
			isa = PBXResourcesBuildPhase;
			buildActionMask = 2147483647;
			files = (
				406F750424E5872B006494FC /* FeedScreenLoadingCell.xib in Resources */,
				400BF74224E47046002E448E /* LoginScreenViewController.xib in Resources */,
				7460D19B24E59E35006C2B21 /* FeedScreenContentCell.xib in Resources */,
				744DCE232482992E00B51C63 /* LaunchScreen.storyboard in Resources */,
				744DCE202482992E00B51C63 /* Assets.xcassets in Resources */,
			);
			runOnlyForDeploymentPostprocessing = 0;
		};
/* End PBXResourcesBuildPhase section */

/* Begin PBXSourcesBuildPhase section */
		744DCE0F2482992C00B51C63 /* Sources */ = {
			isa = PBXSourcesBuildPhase;
			buildActionMask = 2147483647;
			files = (
				406F74FE24E58663006494FC /* FeedScreenTableController.swift in Sources */,
				400BF74724E4737E002E448E /* LoginWireframe.swift in Sources */,
				744DCE1B2482992C00B51C63 /* ViewController.swift in Sources */,
				4070CEF424E460A2002B3F01 /* ApiQuery.swift in Sources */,
				406F750224E586C0006494FC /* FeedScreenLoadingCell.swift in Sources */,
				406F74F824E5841A006494FC /* IFeedManager.swift in Sources */,
				4070CEEE24E45D57002B3F01 /* IUser.swift in Sources */,
				406F74F524E583E7006494FC /* FeedScreenViewController.swift in Sources */,
				400BF73E24E46F17002E448E /* LoginScreen.swift in Sources */,
				7460D19E24E59E85006C2B21 /* FeedScreenContentCell.swift in Sources */,
				400BF74024E46FCF002E448E /* LoginScreenViewController.swift in Sources */,
				7460D19724E58BC8006C2B21 /* ApiFeed.swift in Sources */,
				406F74FA24E5844C006494FC /* IFeed.swift in Sources */,
				406F74E624E56FB8006494FC /* IUserContext.swift in Sources */,
				400BF73524E46CE0002E448E /* AppContext.swift in Sources */,
				400BF72A24E46859002E448E /* ObserverPriority.swift in Sources */,
				400BF72624E466DA002E448E /* ILoginManager.swift in Sources */,
				744DCE172482992C00B51C63 /* AppDelegate.swift in Sources */,
				7460D19924E58D34006C2B21 /* ApiFeedQuery.swift in Sources */,
				400BF74524E472C9002E448E /* LoginScreenContext.swift in Sources */,
				4070CEF024E45E31002B3F01 /* ApiUser.swift in Sources */,
				4070CEF724E461C7002B3F01 /* ApiError.swift in Sources */,
				400BF74624E472C9002E448E /* LoginScreenRouter.swift in Sources */,
				400BF72D24E4690B002E448E /* ApiLoginManager.swift in Sources */,
				406F74F324E583E7006494FC /* FeedScreenContext.swift in Sources */,
				406F74EA24E5702C006494FC /* FeedWireframe.swift in Sources */,
				406F74F424E583E7006494FC /* FeedScreenRouter.swift in Sources */,
				406F74E824E56FD4006494FC /* UserContext.swift in Sources */,
				4070CEF224E45F3D002B3F01 /* ApiLoginQuery.swift in Sources */,
				400BF73024E46C46002E448E /* AppWireframe.swift in Sources */,
				400BF73324E46CA9002E448E /* IAppContext.swift in Sources */,
				406F74F224E583E7006494FC /* FeedScreen.swift in Sources */,
				406F74FC24E58596006494FC /* ApiFeedManager.swift in Sources */,
				4070CEFD24E463C4002B3F01 /* ApiProvider.swift in Sources */,
				4070CEFA24E46328002B3F01 /* IApiProvider.swift in Sources */,
				406CA59E2483E98900294AAE /* ViewController+Constraint.swift in Sources */,
				406CA5A12483EAE700294AAE /* ViewController+Keyboard.swift in Sources */,
			);
			runOnlyForDeploymentPostprocessing = 0;
		};
/* End PBXSourcesBuildPhase section */

/* Begin PBXVariantGroup section */
		744DCE212482992E00B51C63 /* LaunchScreen.storyboard */ = {
			isa = PBXVariantGroup;
			children = (
				744DCE222482992E00B51C63 /* Base */,
			);
			name = LaunchScreen.storyboard;
			sourceTree = "<group>";
		};
/* End PBXVariantGroup section */

/* Begin XCBuildConfiguration section */
		744DCE252482992E00B51C63 /* Debug */ = {
			isa = XCBuildConfiguration;
			buildSettings = {
				ALWAYS_SEARCH_USER_PATHS = NO;
				CLANG_ANALYZER_NONNULL = YES;
				CLANG_ANALYZER_NUMBER_OBJECT_CONVERSION = YES_AGGRESSIVE;
				CLANG_CXX_LANGUAGE_STANDARD = "gnu++14";
				CLANG_CXX_LIBRARY = "libc++";
				CLANG_ENABLE_MODULES = YES;
				CLANG_ENABLE_OBJC_ARC = YES;
				CLANG_ENABLE_OBJC_WEAK = YES;
				CLANG_WARN_BLOCK_CAPTURE_AUTORELEASING = YES;
				CLANG_WARN_BOOL_CONVERSION = YES;
				CLANG_WARN_COMMA = YES;
				CLANG_WARN_CONSTANT_CONVERSION = YES;
				CLANG_WARN_DEPRECATED_OBJC_IMPLEMENTATIONS = YES;
				CLANG_WARN_DIRECT_OBJC_ISA_USAGE = YES_ERROR;
				CLANG_WARN_DOCUMENTATION_COMMENTS = YES;
				CLANG_WARN_EMPTY_BODY = YES;
				CLANG_WARN_ENUM_CONVERSION = YES;
				CLANG_WARN_INFINITE_RECURSION = YES;
				CLANG_WARN_INT_CONVERSION = YES;
				CLANG_WARN_NON_LITERAL_NULL_CONVERSION = YES;
				CLANG_WARN_OBJC_IMPLICIT_RETAIN_SELF = YES;
				CLANG_WARN_OBJC_LITERAL_CONVERSION = YES;
				CLANG_WARN_OBJC_ROOT_CLASS = YES_ERROR;
				CLANG_WARN_RANGE_LOOP_ANALYSIS = YES;
				CLANG_WARN_STRICT_PROTOTYPES = YES;
				CLANG_WARN_SUSPICIOUS_MOVE = YES;
				CLANG_WARN_UNGUARDED_AVAILABILITY = YES_AGGRESSIVE;
				CLANG_WARN_UNREACHABLE_CODE = YES;
				CLANG_WARN__DUPLICATE_METHOD_MATCH = YES;
				COPY_PHASE_STRIP = NO;
				DEBUG_INFORMATION_FORMAT = dwarf;
				ENABLE_STRICT_OBJC_MSGSEND = YES;
				ENABLE_TESTABILITY = YES;
				GCC_C_LANGUAGE_STANDARD = gnu11;
				GCC_DYNAMIC_NO_PIC = NO;
				GCC_NO_COMMON_BLOCKS = YES;
				GCC_OPTIMIZATION_LEVEL = 0;
				GCC_PREPROCESSOR_DEFINITIONS = (
					"DEBUG=1",
					"$(inherited)",
				);
				GCC_WARN_64_TO_32_BIT_CONVERSION = YES;
				GCC_WARN_ABOUT_RETURN_TYPE = YES_ERROR;
				GCC_WARN_UNDECLARED_SELECTOR = YES;
				GCC_WARN_UNINITIALIZED_AUTOS = YES_AGGRESSIVE;
				GCC_WARN_UNUSED_FUNCTION = YES;
				GCC_WARN_UNUSED_VARIABLE = YES;
				IPHONEOS_DEPLOYMENT_TARGET = 13.2;
				MTL_ENABLE_DEBUG_INFO = INCLUDE_SOURCE;
				MTL_FAST_MATH = YES;
				ONLY_ACTIVE_ARCH = YES;
				SDKROOT = iphoneos;
				SWIFT_ACTIVE_COMPILATION_CONDITIONS = DEBUG;
				SWIFT_OPTIMIZATION_LEVEL = "-Onone";
			};
			name = Debug;
		};
		744DCE262482992E00B51C63 /* Release */ = {
			isa = XCBuildConfiguration;
			buildSettings = {
				ALWAYS_SEARCH_USER_PATHS = NO;
				CLANG_ANALYZER_NONNULL = YES;
				CLANG_ANALYZER_NUMBER_OBJECT_CONVERSION = YES_AGGRESSIVE;
				CLANG_CXX_LANGUAGE_STANDARD = "gnu++14";
				CLANG_CXX_LIBRARY = "libc++";
				CLANG_ENABLE_MODULES = YES;
				CLANG_ENABLE_OBJC_ARC = YES;
				CLANG_ENABLE_OBJC_WEAK = YES;
				CLANG_WARN_BLOCK_CAPTURE_AUTORELEASING = YES;
				CLANG_WARN_BOOL_CONVERSION = YES;
				CLANG_WARN_COMMA = YES;
				CLANG_WARN_CONSTANT_CONVERSION = YES;
				CLANG_WARN_DEPRECATED_OBJC_IMPLEMENTATIONS = YES;
				CLANG_WARN_DIRECT_OBJC_ISA_USAGE = YES_ERROR;
				CLANG_WARN_DOCUMENTATION_COMMENTS = YES;
				CLANG_WARN_EMPTY_BODY = YES;
				CLANG_WARN_ENUM_CONVERSION = YES;
				CLANG_WARN_INFINITE_RECURSION = YES;
				CLANG_WARN_INT_CONVERSION = YES;
				CLANG_WARN_NON_LITERAL_NULL_CONVERSION = YES;
				CLANG_WARN_OBJC_IMPLICIT_RETAIN_SELF = YES;
				CLANG_WARN_OBJC_LITERAL_CONVERSION = YES;
				CLANG_WARN_OBJC_ROOT_CLASS = YES_ERROR;
				CLANG_WARN_RANGE_LOOP_ANALYSIS = YES;
				CLANG_WARN_STRICT_PROTOTYPES = YES;
				CLANG_WARN_SUSPICIOUS_MOVE = YES;
				CLANG_WARN_UNGUARDED_AVAILABILITY = YES_AGGRESSIVE;
				CLANG_WARN_UNREACHABLE_CODE = YES;
				CLANG_WARN__DUPLICATE_METHOD_MATCH = YES;
				COPY_PHASE_STRIP = NO;
				DEBUG_INFORMATION_FORMAT = "dwarf-with-dsym";
				ENABLE_NS_ASSERTIONS = NO;
				ENABLE_STRICT_OBJC_MSGSEND = YES;
				GCC_C_LANGUAGE_STANDARD = gnu11;
				GCC_NO_COMMON_BLOCKS = YES;
				GCC_WARN_64_TO_32_BIT_CONVERSION = YES;
				GCC_WARN_ABOUT_RETURN_TYPE = YES_ERROR;
				GCC_WARN_UNDECLARED_SELECTOR = YES;
				GCC_WARN_UNINITIALIZED_AUTOS = YES_AGGRESSIVE;
				GCC_WARN_UNUSED_FUNCTION = YES;
				GCC_WARN_UNUSED_VARIABLE = YES;
				IPHONEOS_DEPLOYMENT_TARGET = 13.2;
				MTL_ENABLE_DEBUG_INFO = NO;
				MTL_FAST_MATH = YES;
				SDKROOT = iphoneos;
				SWIFT_COMPILATION_MODE = wholemodule;
				SWIFT_OPTIMIZATION_LEVEL = "-O";
				VALIDATE_PRODUCT = YES;
			};
			name = Release;
		};
		744DCE282482992E00B51C63 /* Debug */ = {
			isa = XCBuildConfiguration;
			buildSettings = {
				ASSETCATALOG_COMPILER_APPICON_NAME = AppIcon;
				CODE_SIGN_STYLE = Automatic;
				INFOPLIST_FILE = SPIR/Info.plist;
				LD_RUNPATH_SEARCH_PATHS = (
					"$(inherited)",
					"@executable_path/Frameworks",
				);
				PRODUCT_BUNDLE_IDENTIFIER = ru.tass.SPIR;
				PRODUCT_NAME = "$(TARGET_NAME)";
				SWIFT_VERSION = 5.0;
				TARGETED_DEVICE_FAMILY = "1,2";
			};
			name = Debug;
		};
		744DCE292482992E00B51C63 /* Release */ = {
			isa = XCBuildConfiguration;
			buildSettings = {
				ASSETCATALOG_COMPILER_APPICON_NAME = AppIcon;
				CODE_SIGN_STYLE = Automatic;
				INFOPLIST_FILE = SPIR/Info.plist;
				LD_RUNPATH_SEARCH_PATHS = (
					"$(inherited)",
					"@executable_path/Frameworks",
				);
				PRODUCT_BUNDLE_IDENTIFIER = ru.tass.SPIR;
				PRODUCT_NAME = "$(TARGET_NAME)";
				SWIFT_VERSION = 5.0;
				TARGETED_DEVICE_FAMILY = "1,2";
			};
			name = Release;
		};
/* End XCBuildConfiguration section */

/* Begin XCConfigurationList section */
		744DCE0E2482992C00B51C63 /* Build configuration list for PBXProject "SPIR" */ = {
			isa = XCConfigurationList;
			buildConfigurations = (
				744DCE252482992E00B51C63 /* Debug */,
				744DCE262482992E00B51C63 /* Release */,
			);
			defaultConfigurationIsVisible = 0;
			defaultConfigurationName = Release;
		};
		744DCE272482992E00B51C63 /* Build configuration list for PBXNativeTarget "SPIR" */ = {
			isa = XCConfigurationList;
			buildConfigurations = (
				744DCE282482992E00B51C63 /* Debug */,
				744DCE292482992E00B51C63 /* Release */,
			);
			defaultConfigurationIsVisible = 0;
			defaultConfigurationName = Release;
		};
/* End XCConfigurationList section */
	};
	rootObject = 744DCE0B2482992C00B51C63 /* Project object */;
}
